
Microsoft Visual Studio Solution File, Format Version 12.00
# Visual Studio 15
VisualStudioVersion = 15.0.27004.2002
MinimumVisualStudioVersion = 10.0.40219.1
Project("{FAE04EC0-301F-11D3-BF4B-00C04F79EFBC}") = "LeavingEarth.Android", "LeavingEarth\LeavingEarth.Android\LeavingEarth.Android.csproj", "{FEEFA6C2-4D8B-4EE9-9198-71E38E558510}"
EndProject
Project("{FAE04EC0-301F-11D3-BF4B-00C04F79EFBC}") = "LeavingEarth", "LeavingEarth\LeavingEarth\LeavingEarth.csproj", "{F899200D-3640-4694-8DB1-6FCAA4E364FF}"
EndProject
Project("{FAE04EC0-301F-11D3-BF4B-00C04F79EFBC}") = "LeavingEarth.UWP", "LeavingEarth\LeavingEarth.UWP\LeavingEarth.UWP.csproj", "{F6B1B2C6-3D66-42B4-8D51-99B82B9BE7CE}"
EndProject
Project("{FAE04EC0-301F-11D3-BF4B-00C04F79EFBC}") = "LeavingEarth.iOS", "LeavingEarth\LeavingEarth.iOS\LeavingEarth.iOS.csproj", "{B1DB3792-4154-4406-8538-08804D9B5100}"
EndProject
Global
	GlobalSection(SolutionConfigurationPlatforms) = preSolution
		Ad-Hoc|Any CPU = Ad-Hoc|Any CPU
		Ad-Hoc|ARM = Ad-Hoc|ARM
		Ad-Hoc|iPhone = Ad-Hoc|iPhone
		Ad-Hoc|iPhoneSimulator = Ad-Hoc|iPhoneSimulator
		Ad-Hoc|x64 = Ad-Hoc|x64
		Ad-Hoc|x86 = Ad-Hoc|x86
		AppStore|Any CPU = AppStore|Any CPU
		AppStore|ARM = AppStore|ARM
		AppStore|iPhone = AppStore|iPhone
		AppStore|iPhoneSimulator = AppStore|iPhoneSimulator
		AppStore|x64 = AppStore|x64
		AppStore|x86 = AppStore|x86
		Debug|Any CPU = Debug|Any CPU
		Debug|ARM = Debug|ARM
		Debug|iPhone = Debug|iPhone
		Debug|iPhoneSimulator = Debug|iPhoneSimulator
		Debug|x64 = Debug|x64
		Debug|x86 = Debug|x86
		Release|Any CPU = Release|Any CPU
		Release|ARM = Release|ARM
		Release|iPhone = Release|iPhone
		Release|iPhoneSimulator = Release|iPhoneSimulator
		Release|x64 = Release|x64
		Release|x86 = Release|x86
	EndGlobalSection
	GlobalSection(ProjectConfigurationPlatforms) = postSolution
		{FEEFA6C2-4D8B-4EE9-9198-71E38E558510}.Ad-Hoc|Any CPU.ActiveCfg = Release|Any CPU
		{FEEFA6C2-4D8B-4EE9-9198-71E38E558510}.Ad-Hoc|Any CPU.Build.0 = Release|Any CPU
		{FEEFA6C2-4D8B-4EE9-9198-71E38E558510}.Ad-Hoc|Any CPU.Deploy.0 = Release|Any CPU
		{FEEFA6C2-4D8B-4EE9-9198-71E38E558510}.Ad-Hoc|ARM.ActiveCfg = Release|Any CPU
		{FEEFA6C2-4D8B-4EE9-9198-71E38E558510}.Ad-Hoc|ARM.Build.0 = Release|Any CPU
		{FEEFA6C2-4D8B-4EE9-9198-71E38E558510}.Ad-Hoc|ARM.Deploy.0 = Release|Any CPU
		{FEEFA6C2-4D8B-4EE9-9198-71E38E558510}.Ad-Hoc|iPhone.ActiveCfg = Release|Any CPU
		{FEEFA6C2-4D8B-4EE9-9198-71E38E558510}.Ad-Hoc|iPhone.Build.0 = Release|Any CPU
		{FEEFA6C2-4D8B-4EE9-9198-71E38E558510}.Ad-Hoc|iPhone.Deploy.0 = Release|Any CPU
		{FEEFA6C2-4D8B-4EE9-9198-71E38E558510}.Ad-Hoc|iPhoneSimulator.ActiveCfg = Release|Any CPU
		{FEEFA6C2-4D8B-4EE9-9198-71E38E558510}.Ad-Hoc|iPhoneSimulator.Build.0 = Release|Any CPU
		{FEEFA6C2-4D8B-4EE9-9198-71E38E558510}.Ad-Hoc|iPhoneSimulator.Deploy.0 = Release|Any CPU
		{FEEFA6C2-4D8B-4EE9-9198-71E38E558510}.Ad-Hoc|x64.ActiveCfg = Release|Any CPU
		{FEEFA6C2-4D8B-4EE9-9198-71E38E558510}.Ad-Hoc|x64.Build.0 = Release|Any CPU
		{FEEFA6C2-4D8B-4EE9-9198-71E38E558510}.Ad-Hoc|x64.Deploy.0 = Release|Any CPU
		{FEEFA6C2-4D8B-4EE9-9198-71E38E558510}.Ad-Hoc|x86.ActiveCfg = Release|Any CPU
		{FEEFA6C2-4D8B-4EE9-9198-71E38E558510}.Ad-Hoc|x86.Build.0 = Release|Any CPU
		{FEEFA6C2-4D8B-4EE9-9198-71E38E558510}.Ad-Hoc|x86.Deploy.0 = Release|Any CPU
		{FEEFA6C2-4D8B-4EE9-9198-71E38E558510}.AppStore|Any CPU.ActiveCfg = Release|Any CPU
		{FEEFA6C2-4D8B-4EE9-9198-71E38E558510}.AppStore|Any CPU.Build.0 = Release|Any CPU
		{FEEFA6C2-4D8B-4EE9-9198-71E38E558510}.AppStore|Any CPU.Deploy.0 = Release|Any CPU
		{FEEFA6C2-4D8B-4EE9-9198-71E38E558510}.AppStore|ARM.ActiveCfg = Release|Any CPU
		{FEEFA6C2-4D8B-4EE9-9198-71E38E558510}.AppStore|ARM.Build.0 = Release|Any CPU
		{FEEFA6C2-4D8B-4EE9-9198-71E38E558510}.AppStore|ARM.Deploy.0 = Release|Any CPU
		{FEEFA6C2-4D8B-4EE9-9198-71E38E558510}.AppStore|iPhone.ActiveCfg = Release|Any CPU
		{FEEFA6C2-4D8B-4EE9-9198-71E38E558510}.AppStore|iPhone.Build.0 = Release|Any CPU
		{FEEFA6C2-4D8B-4EE9-9198-71E38E558510}.AppStore|iPhone.Deploy.0 = Release|Any CPU
		{FEEFA6C2-4D8B-4EE9-9198-71E38E558510}.AppStore|iPhoneSimulator.ActiveCfg = Release|Any CPU
		{FEEFA6C2-4D8B-4EE9-9198-71E38E558510}.AppStore|iPhoneSimulator.Build.0 = Release|Any CPU
		{FEEFA6C2-4D8B-4EE9-9198-71E38E558510}.AppStore|iPhoneSimulator.Deploy.0 = Release|Any CPU
		{FEEFA6C2-4D8B-4EE9-9198-71E38E558510}.AppStore|x64.ActiveCfg = Release|Any CPU
		{FEEFA6C2-4D8B-4EE9-9198-71E38E558510}.AppStore|x64.Build.0 = Release|Any CPU
		{FEEFA6C2-4D8B-4EE9-9198-71E38E558510}.AppStore|x64.Deploy.0 = Release|Any CPU
		{FEEFA6C2-4D8B-4EE9-9198-71E38E558510}.AppStore|x86.ActiveCfg = Release|Any CPU
		{FEEFA6C2-4D8B-4EE9-9198-71E38E558510}.AppStore|x86.Build.0 = Release|Any CPU
		{FEEFA6C2-4D8B-4EE9-9198-71E38E558510}.AppStore|x86.Deploy.0 = Release|Any CPU
		{FEEFA6C2-4D8B-4EE9-9198-71E38E558510}.Debug|Any CPU.ActiveCfg = Debug|Any CPU
		{FEEFA6C2-4D8B-4EE9-9198-71E38E558510}.Debug|Any CPU.Build.0 = Debug|Any CPU
		{FEEFA6C2-4D8B-4EE9-9198-71E38E558510}.Debug|Any CPU.Deploy.0 = Debug|Any CPU
		{FEEFA6C2-4D8B-4EE9-9198-71E38E558510}.Debug|ARM.ActiveCfg = Debug|Any CPU
		{FEEFA6C2-4D8B-4EE9-9198-71E38E558510}.Debug|ARM.Build.0 = Debug|Any CPU
		{FEEFA6C2-4D8B-4EE9-9198-71E38E558510}.Debug|ARM.Deploy.0 = Debug|Any CPU
		{FEEFA6C2-4D8B-4EE9-9198-71E38E558510}.Debug|iPhone.ActiveCfg = Debug|Any CPU
		{FEEFA6C2-4D8B-4EE9-9198-71E38E558510}.Debug|iPhone.Build.0 = Debug|Any CPU
		{FEEFA6C2-4D8B-4EE9-9198-71E38E558510}.Debug|iPhone.Deploy.0 = Debug|Any CPU
		{FEEFA6C2-4D8B-4EE9-9198-71E38E558510}.Debug|iPhoneSimulator.ActiveCfg = Debug|Any CPU
		{FEEFA6C2-4D8B-4EE9-9198-71E38E558510}.Debug|iPhoneSimulator.Build.0 = Debug|Any CPU
		{FEEFA6C2-4D8B-4EE9-9198-71E38E558510}.Debug|iPhoneSimulator.Deploy.0 = Debug|Any CPU
		{FEEFA6C2-4D8B-4EE9-9198-71E38E558510}.Debug|x64.ActiveCfg = Debug|Any CPU
		{FEEFA6C2-4D8B-4EE9-9198-71E38E558510}.Debug|x64.Build.0 = Debug|Any CPU
		{FEEFA6C2-4D8B-4EE9-9198-71E38E558510}.Debug|x64.Deploy.0 = Debug|Any CPU
		{FEEFA6C2-4D8B-4EE9-9198-71E38E558510}.Debug|x86.ActiveCfg = Debug|Any CPU
		{FEEFA6C2-4D8B-4EE9-9198-71E38E558510}.Debug|x86.Build.0 = Debug|Any CPU
		{FEEFA6C2-4D8B-4EE9-9198-71E38E558510}.Debug|x86.Deploy.0 = Debug|Any CPU
		{FEEFA6C2-4D8B-4EE9-9198-71E38E558510}.Release|Any CPU.ActiveCfg = Release|Any CPU
		{FEEFA6C2-4D8B-4EE9-9198-71E38E558510}.Release|Any CPU.Build.0 = Release|Any CPU
		{FEEFA6C2-4D8B-4EE9-9198-71E38E558510}.Release|Any CPU.Deploy.0 = Release|Any CPU
		{FEEFA6C2-4D8B-4EE9-9198-71E38E558510}.Release|ARM.ActiveCfg = Release|Any CPU
		{FEEFA6C2-4D8B-4EE9-9198-71E38E558510}.Release|ARM.Build.0 = Release|Any CPU
		{FEEFA6C2-4D8B-4EE9-9198-71E38E558510}.Release|ARM.Deploy.0 = Release|Any CPU
		{FEEFA6C2-4D8B-4EE9-9198-71E38E558510}.Release|iPhone.ActiveCfg = Release|Any CPU
		{FEEFA6C2-4D8B-4EE9-9198-71E38E558510}.Release|iPhone.Build.0 = Release|Any CPU
		{FEEFA6C2-4D8B-4EE9-9198-71E38E558510}.Release|iPhone.Deploy.0 = Release|Any CPU
		{FEEFA6C2-4D8B-4EE9-9198-71E38E558510}.Release|iPhoneSimulator.ActiveCfg = Release|Any CPU
		{FEEFA6C2-4D8B-4EE9-9198-71E38E558510}.Release|iPhoneSimulator.Build.0 = Release|Any CPU
		{FEEFA6C2-4D8B-4EE9-9198-71E38E558510}.Release|iPhoneSimulator.Deploy.0 = Release|Any CPU
		{FEEFA6C2-4D8B-4EE9-9198-71E38E558510}.Release|x64.ActiveCfg = Release|Any CPU
		{FEEFA6C2-4D8B-4EE9-9198-71E38E558510}.Release|x64.Build.0 = Release|Any CPU
		{FEEFA6C2-4D8B-4EE9-9198-71E38E558510}.Release|x64.Deploy.0 = Release|Any CPU
		{FEEFA6C2-4D8B-4EE9-9198-71E38E558510}.Release|x86.ActiveCfg = Release|Any CPU
		{FEEFA6C2-4D8B-4EE9-9198-71E38E558510}.Release|x86.Build.0 = Release|Any CPU
		{FEEFA6C2-4D8B-4EE9-9198-71E38E558510}.Release|x86.Deploy.0 = Release|Any CPU
		{F899200D-3640-4694-8DB1-6FCAA4E364FF}.Ad-Hoc|Any CPU.ActiveCfg = Release|Any CPU
		{F899200D-3640-4694-8DB1-6FCAA4E364FF}.Ad-Hoc|Any CPU.Build.0 = Release|Any CPU
		{F899200D-3640-4694-8DB1-6FCAA4E364FF}.Ad-Hoc|ARM.ActiveCfg = Release|Any CPU
		{F899200D-3640-4694-8DB1-6FCAA4E364FF}.Ad-Hoc|ARM.Build.0 = Release|Any CPU
		{F899200D-3640-4694-8DB1-6FCAA4E364FF}.Ad-Hoc|iPhone.ActiveCfg = Release|Any CPU
		{F899200D-3640-4694-8DB1-6FCAA4E364FF}.Ad-Hoc|iPhone.Build.0 = Release|Any CPU
		{F899200D-3640-4694-8DB1-6FCAA4E364FF}.Ad-Hoc|iPhoneSimulator.ActiveCfg = Release|Any CPU
		{F899200D-3640-4694-8DB1-6FCAA4E364FF}.Ad-Hoc|iPhoneSimulator.Build.0 = Release|Any CPU
		{F899200D-3640-4694-8DB1-6FCAA4E364FF}.Ad-Hoc|x64.ActiveCfg = Release|Any CPU
		{F899200D-3640-4694-8DB1-6FCAA4E364FF}.Ad-Hoc|x64.Build.0 = Release|Any CPU
		{F899200D-3640-4694-8DB1-6FCAA4E364FF}.Ad-Hoc|x86.ActiveCfg = Release|Any CPU
		{F899200D-3640-4694-8DB1-6FCAA4E364FF}.Ad-Hoc|x86.Build.0 = Release|Any CPU
		{F899200D-3640-4694-8DB1-6FCAA4E364FF}.AppStore|Any CPU.ActiveCfg = Release|Any CPU
		{F899200D-3640-4694-8DB1-6FCAA4E364FF}.AppStore|Any CPU.Build.0 = Release|Any CPU
		{F899200D-3640-4694-8DB1-6FCAA4E364FF}.AppStore|ARM.ActiveCfg = Release|Any CPU
		{F899200D-3640-4694-8DB1-6FCAA4E364FF}.AppStore|ARM.Build.0 = Release|Any CPU
		{F899200D-3640-4694-8DB1-6FCAA4E364FF}.AppStore|iPhone.ActiveCfg = Release|Any CPU
		{F899200D-3640-4694-8DB1-6FCAA4E364FF}.AppStore|iPhone.Build.0 = Release|Any CPU
		{F899200D-3640-4694-8DB1-6FCAA4E364FF}.AppStore|iPhoneSimulator.ActiveCfg = Release|Any CPU
		{F899200D-3640-4694-8DB1-6FCAA4E364FF}.AppStore|iPhoneSimulator.Build.0 = Release|Any CPU
		{F899200D-3640-4694-8DB1-6FCAA4E364FF}.AppStore|x64.ActiveCfg = Release|Any CPU
		{F899200D-3640-4694-8DB1-6FCAA4E364FF}.AppStore|x64.Build.0 = Release|Any CPU
		{F899200D-3640-4694-8DB1-6FCAA4E364FF}.AppStore|x86.ActiveCfg = Release|Any CPU
		{F899200D-3640-4694-8DB1-6FCAA4E364FF}.AppStore|x86.Build.0 = Release|Any CPU
		{F899200D-3640-4694-8DB1-6FCAA4E364FF}.Debug|Any CPU.ActiveCfg = Debug|Any CPU
		{F899200D-3640-4694-8DB1-6FCAA4E364FF}.Debug|Any CPU.Build.0 = Debug|Any CPU
		{F899200D-3640-4694-8DB1-6FCAA4E364FF}.Debug|ARM.ActiveCfg = Debug|Any CPU
		{F899200D-3640-4694-8DB1-6FCAA4E364FF}.Debug|ARM.Build.0 = Debug|Any CPU
		{F899200D-3640-4694-8DB1-6FCAA4E364FF}.Debug|iPhone.ActiveCfg = Debug|Any CPU
		{F899200D-3640-4694-8DB1-6FCAA4E364FF}.Debug|iPhone.Build.0 = Debug|Any CPU
		{F899200D-3640-4694-8DB1-6FCAA4E364FF}.Debug|iPhoneSimulator.ActiveCfg = Debug|Any CPU
		{F899200D-3640-4694-8DB1-6FCAA4E364FF}.Debug|iPhoneSimulator.Build.0 = Debug|Any CPU
		{F899200D-3640-4694-8DB1-6FCAA4E364FF}.Debug|x64.ActiveCfg = Debug|Any CPU
		{F899200D-3640-4694-8DB1-6FCAA4E364FF}.Debug|x64.Build.0 = Debug|Any CPU
		{F899200D-3640-4694-8DB1-6FCAA4E364FF}.Debug|x86.ActiveCfg = Debug|Any CPU
		{F899200D-3640-4694-8DB1-6FCAA4E364FF}.Debug|x86.Build.0 = Debug|Any CPU
		{F899200D-3640-4694-8DB1-6FCAA4E364FF}.Release|Any CPU.ActiveCfg = Release|Any CPU
		{F899200D-3640-4694-8DB1-6FCAA4E364FF}.Release|Any CPU.Build.0 = Release|Any CPU
		{F899200D-3640-4694-8DB1-6FCAA4E364FF}.Release|ARM.ActiveCfg = Release|Any CPU
		{F899200D-3640-4694-8DB1-6FCAA4E364FF}.Release|ARM.Build.0 = Release|Any CPU
		{F899200D-3640-4694-8DB1-6FCAA4E364FF}.Release|iPhone.ActiveCfg = Release|Any CPU
		{F899200D-3640-4694-8DB1-6FCAA4E364FF}.Release|iPhone.Build.0 = Release|Any CPU
		{F899200D-3640-4694-8DB1-6FCAA4E364FF}.Release|iPhoneSimulator.ActiveCfg = Release|Any CPU
		{F899200D-3640-4694-8DB1-6FCAA4E364FF}.Release|iPhoneSimulator.Build.0 = Release|Any CPU
		{F899200D-3640-4694-8DB1-6FCAA4E364FF}.Release|x64.ActiveCfg = Release|Any CPU
		{F899200D-3640-4694-8DB1-6FCAA4E364FF}.Release|x64.Build.0 = Release|Any CPU
		{F899200D-3640-4694-8DB1-6FCAA4E364FF}.Release|x86.ActiveCfg = Release|Any CPU
		{F899200D-3640-4694-8DB1-6FCAA4E364FF}.Release|x86.Build.0 = Release|Any CPU
		{F6B1B2C6-3D66-42B4-8D51-99B82B9BE7CE}.Ad-Hoc|Any CPU.ActiveCfg = Release|x86
		{F6B1B2C6-3D66-42B4-8D51-99B82B9BE7CE}.Ad-Hoc|Any CPU.Build.0 = Release|x86
		{F6B1B2C6-3D66-42B4-8D51-99B82B9BE7CE}.Ad-Hoc|Any CPU.Deploy.0 = Release|x86
		{F6B1B2C6-3D66-42B4-8D51-99B82B9BE7CE}.Ad-Hoc|ARM.ActiveCfg = Release|ARM
		{F6B1B2C6-3D66-42B4-8D51-99B82B9BE7CE}.Ad-Hoc|ARM.Build.0 = Release|ARM
		{F6B1B2C6-3D66-42B4-8D51-99B82B9BE7CE}.Ad-Hoc|ARM.Deploy.0 = Release|ARM
		{F6B1B2C6-3D66-42B4-8D51-99B82B9BE7CE}.Ad-Hoc|iPhone.ActiveCfg = Release|x86
		{F6B1B2C6-3D66-42B4-8D51-99B82B9BE7CE}.Ad-Hoc|iPhone.Build.0 = Release|x86
		{F6B1B2C6-3D66-42B4-8D51-99B82B9BE7CE}.Ad-Hoc|iPhone.Deploy.0 = Release|x86
		{F6B1B2C6-3D66-42B4-8D51-99B82B9BE7CE}.Ad-Hoc|iPhoneSimulator.ActiveCfg = Release|x86
		{F6B1B2C6-3D66-42B4-8D51-99B82B9BE7CE}.Ad-Hoc|iPhoneSimulator.Build.0 = Release|x86
		{F6B1B2C6-3D66-42B4-8D51-99B82B9BE7CE}.Ad-Hoc|iPhoneSimulator.Deploy.0 = Release|x86
		{F6B1B2C6-3D66-42B4-8D51-99B82B9BE7CE}.Ad-Hoc|x64.ActiveCfg = Release|x64
		{F6B1B2C6-3D66-42B4-8D51-99B82B9BE7CE}.Ad-Hoc|x64.Build.0 = Release|x64
		{F6B1B2C6-3D66-42B4-8D51-99B82B9BE7CE}.Ad-Hoc|x64.Deploy.0 = Release|x64
		{F6B1B2C6-3D66-42B4-8D51-99B82B9BE7CE}.Ad-Hoc|x86.ActiveCfg = Release|x86
		{F6B1B2C6-3D66-42B4-8D51-99B82B9BE7CE}.Ad-Hoc|x86.Build.0 = Release|x86
		{F6B1B2C6-3D66-42B4-8D51-99B82B9BE7CE}.Ad-Hoc|x86.Deploy.0 = Release|x86
		{F6B1B2C6-3D66-42B4-8D51-99B82B9BE7CE}.AppStore|Any CPU.ActiveCfg = Release|x86
		{F6B1B2C6-3D66-42B4-8D51-99B82B9BE7CE}.AppStore|Any CPU.Build.0 = Release|x86
		{F6B1B2C6-3D66-42B4-8D51-99B82B9BE7CE}.AppStore|Any CPU.Deploy.0 = Release|x86
		{F6B1B2C6-3D66-42B4-8D51-99B82B9BE7CE}.AppStore|ARM.ActiveCfg = Release|ARM
		{F6B1B2C6-3D66-42B4-8D51-99B82B9BE7CE}.AppStore|ARM.Build.0 = Release|ARM
		{F6B1B2C6-3D66-42B4-8D51-99B82B9BE7CE}.AppStore|ARM.Deploy.0 = Release|ARM
		{F6B1B2C6-3D66-42B4-8D51-99B82B9BE7CE}.AppStore|iPhone.ActiveCfg = Release|x86
		{F6B1B2C6-3D66-42B4-8D51-99B82B9BE7CE}.AppStore|iPhone.Build.0 = Release|x86
		{F6B1B2C6-3D66-42B4-8D51-99B82B9BE7CE}.AppStore|iPhone.Deploy.0 = Release|x86
		{F6B1B2C6-3D66-42B4-8D51-99B82B9BE7CE}.AppStore|iPhoneSimulator.ActiveCfg = Release|x86
		{F6B1B2C6-3D66-42B4-8D51-99B82B9BE7CE}.AppStore|iPhoneSimulator.Build.0 = Release|x86
		{F6B1B2C6-3D66-42B4-8D51-99B82B9BE7CE}.AppStore|iPhoneSimulator.Deploy.0 = Release|x86
		{F6B1B2C6-3D66-42B4-8D51-99B82B9BE7CE}.AppStore|x64.ActiveCfg = Release|x64
		{F6B1B2C6-3D66-42B4-8D51-99B82B9BE7CE}.AppStore|x64.Build.0 = Release|x64
		{F6B1B2C6-3D66-42B4-8D51-99B82B9BE7CE}.AppStore|x64.Deploy.0 = Release|x64
		{F6B1B2C6-3D66-42B4-8D51-99B82B9BE7CE}.AppStore|x86.ActiveCfg = Release|x86
		{F6B1B2C6-3D66-42B4-8D51-99B82B9BE7CE}.AppStore|x86.Build.0 = Release|x86
		{F6B1B2C6-3D66-42B4-8D51-99B82B9BE7CE}.AppStore|x86.Deploy.0 = Release|x86
		{F6B1B2C6-3D66-42B4-8D51-99B82B9BE7CE}.Debug|Any CPU.ActiveCfg = Debug|x86
		{F6B1B2C6-3D66-42B4-8D51-99B82B9BE7CE}.Debug|ARM.ActiveCfg = Debug|ARM
		{F6B1B2C6-3D66-42B4-8D51-99B82B9BE7CE}.Debug|ARM.Build.0 = Debug|ARM
		{F6B1B2C6-3D66-42B4-8D51-99B82B9BE7CE}.Debug|ARM.Deploy.0 = Debug|ARM
		{F6B1B2C6-3D66-42B4-8D51-99B82B9BE7CE}.Debug|iPhone.ActiveCfg = Debug|x86
		{F6B1B2C6-3D66-42B4-8D51-99B82B9BE7CE}.Debug|iPhoneSimulator.ActiveCfg = Debug|x86
		{F6B1B2C6-3D66-42B4-8D51-99B82B9BE7CE}.Debug|x64.ActiveCfg = Debug|x64
		{F6B1B2C6-3D66-42B4-8D51-99B82B9BE7CE}.Debug|x64.Build.0 = Debug|x64
		{F6B1B2C6-3D66-42B4-8D51-99B82B9BE7CE}.Debug|x64.Deploy.0 = Debug|x64
		{F6B1B2C6-3D66-42B4-8D51-99B82B9BE7CE}.Debug|x86.ActiveCfg = Debug|x86
		{F6B1B2C6-3D66-42B4-8D51-99B82B9BE7CE}.Debug|x86.Build.0 = Debug|x86
		{F6B1B2C6-3D66-42B4-8D51-99B82B9BE7CE}.Debug|x86.Deploy.0 = Debug|x86
		{F6B1B2C6-3D66-42B4-8D51-99B82B9BE7CE}.Release|Any CPU.ActiveCfg = Release|x86
		{F6B1B2C6-3D66-42B4-8D51-99B82B9BE7CE}.Release|ARM.ActiveCfg = Release|ARM
		{F6B1B2C6-3D66-42B4-8D51-99B82B9BE7CE}.Release|ARM.Build.0 = Release|ARM
		{F6B1B2C6-3D66-42B4-8D51-99B82B9BE7CE}.Release|ARM.Deploy.0 = Release|ARM
		{F6B1B2C6-3D66-42B4-8D51-99B82B9BE7CE}.Release|iPhone.ActiveCfg = Release|x86
		{F6B1B2C6-3D66-42B4-8D51-99B82B9BE7CE}.Release|iPhoneSimulator.ActiveCfg = Release|x86
		{F6B1B2C6-3D66-42B4-8D51-99B82B9BE7CE}.Release|x64.ActiveCfg = Release|x64
		{F6B1B2C6-3D66-42B4-8D51-99B82B9BE7CE}.Release|x64.Build.0 = Release|x64
		{F6B1B2C6-3D66-42B4-8D51-99B82B9BE7CE}.Release|x64.Deploy.0 = Release|x64
		{F6B1B2C6-3D66-42B4-8D51-99B82B9BE7CE}.Release|x86.ActiveCfg = Release|x86
		{F6B1B2C6-3D66-42B4-8D51-99B82B9BE7CE}.Release|x86.Build.0 = Release|x86
		{F6B1B2C6-3D66-42B4-8D51-99B82B9BE7CE}.Release|x86.Deploy.0 = Release|x86
		{B1DB3792-4154-4406-8538-08804D9B5100}.Ad-Hoc|Any CPU.ActiveCfg = Ad-Hoc|iPhoneSimulator
		{B1DB3792-4154-4406-8538-08804D9B5100}.Ad-Hoc|ARM.ActiveCfg = Ad-Hoc|iPhone
		{B1DB3792-4154-4406-8538-08804D9B5100}.Ad-Hoc|iPhone.ActiveCfg = Ad-Hoc|iPhone
		{B1DB3792-4154-4406-8538-08804D9B5100}.Ad-Hoc|iPhone.Build.0 = Ad-Hoc|iPhone
		{B1DB3792-4154-4406-8538-08804D9B5100}.Ad-Hoc|iPhoneSimulator.ActiveCfg = Ad-Hoc|iPhoneSimulator
		{B1DB3792-4154-4406-8538-08804D9B5100}.Ad-Hoc|iPhoneSimulator.Build.0 = Ad-Hoc|iPhoneSimulator
		{B1DB3792-4154-4406-8538-08804D9B5100}.Ad-Hoc|x64.ActiveCfg = Ad-Hoc|iPhone
		{B1DB3792-4154-4406-8538-08804D9B5100}.Ad-Hoc|x86.ActiveCfg = Ad-Hoc|iPhone
		{B1DB3792-4154-4406-8538-08804D9B5100}.AppStore|Any CPU.ActiveCfg = AppStore|iPhoneSimulator
		{B1DB3792-4154-4406-8538-08804D9B5100}.AppStore|ARM.ActiveCfg = AppStore|iPhone
		{B1DB3792-4154-4406-8538-08804D9B5100}.AppStore|iPhone.ActiveCfg = AppStore|iPhone
		{B1DB3792-4154-4406-8538-08804D9B5100}.AppStore|iPhone.Build.0 = AppStore|iPhone
		{B1DB3792-4154-4406-8538-08804D9B5100}.AppStore|iPhoneSimulator.ActiveCfg = AppStore|iPhoneSimulator
		{B1DB3792-4154-4406-8538-08804D9B5100}.AppStore|iPhoneSimulator.Build.0 = AppStore|iPhoneSimulator
		{B1DB3792-4154-4406-8538-08804D9B5100}.AppStore|x64.ActiveCfg = AppStore|iPhone
		{B1DB3792-4154-4406-8538-08804D9B5100}.AppStore|x86.ActiveCfg = AppStore|iPhone
		{B1DB3792-4154-4406-8538-08804D9B5100}.Debug|Any CPU.ActiveCfg = Debug|iPhoneSimulator
		{B1DB3792-4154-4406-8538-08804D9B5100}.Debug|ARM.ActiveCfg = Debug|iPhone
		{B1DB3792-4154-4406-8538-08804D9B5100}.Debug|iPhone.ActiveCfg = Debug|iPhone
		{B1DB3792-4154-4406-8538-08804D9B5100}.Debug|iPhone.Build.0 = Debug|iPhone
		{B1DB3792-4154-4406-8538-08804D9B5100}.Debug|iPhoneSimulator.ActiveCfg = Debug|iPhoneSimulator
		{B1DB3792-4154-4406-8538-08804D9B5100}.Debug|iPhoneSimulator.Build.0 = Debug|iPhoneSimulator
		{B1DB3792-4154-4406-8538-08804D9B5100}.Debug|x64.ActiveCfg = Debug|iPhone
		{B1DB3792-4154-4406-8538-08804D9B5100}.Debug|x86.ActiveCfg = Debug|iPhone
		{B1DB3792-4154-4406-8538-08804D9B5100}.Release|Any CPU.ActiveCfg = Release|iPhoneSimulator
		{B1DB3792-4154-4406-8538-08804D9B5100}.Release|ARM.ActiveCfg = Release|iPhone
		{B1DB3792-4154-4406-8538-08804D9B5100}.Release|iPhone.ActiveCfg = Release|iPhone
		{B1DB3792-4154-4406-8538-08804D9B5100}.Release|iPhone.Build.0 = Release|iPhone
		{B1DB3792-4154-4406-8538-08804D9B5100}.Release|iPhoneSimulator.ActiveCfg = Release|iPhoneSimulator
		{B1DB3792-4154-4406-8538-08804D9B5100}.Release|iPhoneSimulator.Build.0 = Release|iPhoneSimulator
		{B1DB3792-4154-4406-8538-08804D9B5100}.Release|x64.ActiveCfg = Release|iPhone
		{B1DB3792-4154-4406-8538-08804D9B5100}.Release|x86.ActiveCfg = Release|iPhone
	EndGlobalSection
	GlobalSection(SolutionProperties) = preSolution
		HideSolutionNode = FALSE
	EndGlobalSection
	GlobalSection(ExtensibilityGlobals) = postSolution
		SolutionGuid = {BE6C00AD-71EB-44E6-833E-BDD4FFA09A23}
	EndGlobalSection
EndGlobal
